
Microsoft Visual Studio Solution File, Format Version 12.00
# Visual Studio 2013
VisualStudioVersion = 12.0.31101.0
MinimumVisualStudioVersion = 10.0.40219.1
Project("{FAE04EC0-301F-11D3-BF4B-00C04F79EFBC}") = "FtpClient", "FtpClient\FtpClient.csproj", "{FB397D09-7FCB-4BD3-8B5E-2B1A5F39C5F6}"
EndProject
Global
	GlobalSection(SolutionConfigurationPlatforms) = preSolution
		Debug|Any CPU = Debug|Any CPU
		Release|Any CPU = Release|Any CPU
	EndGlobalSection
	GlobalSection(ProjectConfigurationPlatforms) = postSolution
		{FB397D09-7FCB-4BD3-8B5E-2B1A5F39C5F6}.Debug|Any CPU.ActiveCfg = Debug|Any CPU
		{FB397D09-7FCB-4BD3-8B5E-2B1A5F39C5F6}.Debug|Any CPU.Build.0 = Debug|Any CPU
		{FB397D09-7FCB-4BD3-8B5E-2B1A5F39C5F6}.Release|Any CPU.ActiveCfg = Release|Any CPU
		{FB397D09-7FCB-4BD3-8B5E-2B1A5F39C5F6}.Release|Any CPU.Build.0 = Release|Any CPU
	EndGlobalSection
	GlobalSection(SolutionProperties) = preSolution
		HideSolutionNode = FALSE
	EndGlobalSection
EndGlobal
